<?xml version="1.0" encoding="utf-8"?>
<Project ToolsVersion="4.0" xmlns="http://schemas.microsoft.com/developer/msbuild/2003">
  <ItemGroup>
    <Filter Include="utils">
      <UniqueIdentifier>{e7a84d22-0639-4edf-90e1-8e028648c3f0}</UniqueIdentifier>
    </Filter>
    <Filter Include="base">
      <UniqueIdentifier>{bb069f7e-caa1-40ef-a834-bb0e1bea62b0}</UniqueIdentifier>
    </Filter>
    <Filter Include="base\common">
      <UniqueIdentifier>{4e8552c5-99a3-4016-9e4d-1cae7f6a1775}</UniqueIdentifier>
    </Filter>
    <Filter Include="base\common\secp256k1">
      <UniqueIdentifier>{e772b348-c0f2-4441-9616-283b0e77257a}</UniqueIdentifier>
    </Filter>
    <Filter Include="base\common\secp256k1\include">
      <UniqueIdentifier>{20786a90-b86d-48ed-a550-60da6a0d8fd1}</UniqueIdentifier>
    </Filter>
    <Filter Include="base\common\secp256k1\libs">
      <UniqueIdentifier>{5335fddd-4e0c-4491-8146-f434f5c5b1e6}</UniqueIdentifier>
    </Filter>
    <Filter Include="depends">
      <UniqueIdentifier>{06762ee8-096e-4334-bd71-e1a7d25861ac}</UniqueIdentifier>
    </Filter>
  </ItemGroup>
  <ItemGroup>
    <Text Include="ReadMe.txt" />
  </ItemGroup>
  <ItemGroup>
    <ClInclude Include="utils\Cutils.h">
      <Filter>utils</Filter>
    </ClInclude>
    <ClInclude Include="base\common\secp256k1\include\secp256k1.h">
      <Filter>base\common\secp256k1\include</Filter>
    </ClInclude>
    <ClInclude Include="base\common\secp256k1\include\secp256k1_ecdh.h">
      <Filter>base\common\secp256k1\include</Filter>
    </ClInclude>
    <ClInclude Include="base\common\secp256k1\include\secp256k1_recovery.h">
      <Filter>base\common\secp256k1\include</Filter>
    </ClInclude>
    <ClInclude Include="base\common\secp256k1\include\secp256k1_sha256.h">
      <Filter>base\common\secp256k1\include</Filter>
    </ClInclude>
    <ClInclude Include="base\common\secp256k1\Secp256k1.h">
      <Filter>base\common\secp256k1</Filter>
    </ClInclude>
    <ClInclude Include="depends\RefBase.h">
      <Filter>depends</Filter>
    </ClInclude>
  </ItemGroup>
  <ItemGroup>
    <ClCompile Include="utils\Cutils.cpp">
      <Filter>utils</Filter>
    </ClCompile>
    <ClCompile Include="base\common\secp256k1\Secp256k1.cpp">
      <Filter>base\common\secp256k1</Filter>
    </ClCompile>
    <ClCompile Include="depends\RefBase.cpp">
      <Filter>depends</Filter>
    </ClCompile>
    <ClCompile Include="main.cpp" />
  </ItemGroup>
</Project>