<?xml version="1.0" encoding="utf-8"?>
<Project ToolsVersion="4.0" xmlns="http://schemas.microsoft.com/developer/msbuild/2003">
  <ItemGroup>
    <Filter Include="源文件">
      <UniqueIdentifier>{4FC737F1-C7A5-4376-A066-2A32D752A2FF}</UniqueIdentifier>
      <Extensions>cpp;c;cc;cxx;def;odl;idl;hpj;bat;asm;asmx</Extensions>
    </Filter>
    <Filter Include="头文件">
      <UniqueIdentifier>{93995380-89BD-4b04-88EB-625FBE52EBFB}</UniqueIdentifier>
      <Extensions>h;hh;hpp;hxx;hm;inl;inc;xsd</Extensions>
    </Filter>
    <Filter Include="资源文件">
      <UniqueIdentifier>{67DA6AB6-F800-4c08-8B7A-83BB121AAD01}</UniqueIdentifier>
      <Extensions>rc;ico;cur;bmp;dlg;rc2;rct;bin;rgs;gif;jpg;jpeg;jpe;resx;tiff;tif;png;wav;mfcribbon-ms</Extensions>
    </Filter>
    <Filter Include="utils">
      <UniqueIdentifier>{e7a84d22-0639-4edf-90e1-8e028648c3f0}</UniqueIdentifier>
    </Filter>
    <Filter Include="base">
      <UniqueIdentifier>{bb069f7e-caa1-40ef-a834-bb0e1bea62b0}</UniqueIdentifier>
    </Filter>
    <Filter Include="base\common">
      <UniqueIdentifier>{4e8552c5-99a3-4016-9e4d-1cae7f6a1775}</UniqueIdentifier>
    </Filter>
    <Filter Include="base\common\secp256k1">
      <UniqueIdentifier>{e772b348-c0f2-4441-9616-283b0e77257a}</UniqueIdentifier>
    </Filter>
    <Filter Include="base\common\secp256k1\include">
      <UniqueIdentifier>{20786a90-b86d-48ed-a550-60da6a0d8fd1}</UniqueIdentifier>
    </Filter>
    <Filter Include="base\common\secp256k1\libs">
      <UniqueIdentifier>{5335fddd-4e0c-4491-8146-f434f5c5b1e6}</UniqueIdentifier>
    </Filter>
  </ItemGroup>
  <ItemGroup>
    <Text Include="ReadMe.txt" />
  </ItemGroup>
  <ItemGroup>
    <ClInclude Include="stdafx.h">
      <Filter>头文件</Filter>
    </ClInclude>
    <ClInclude Include="targetver.h">
      <Filter>头文件</Filter>
    </ClInclude>
    <ClInclude Include="utils\Cutils.h">
      <Filter>utils</Filter>
    </ClInclude>
    <ClInclude Include="base\common\secp256k1\include\secp256k1.h">
      <Filter>base\common\secp256k1\include</Filter>
    </ClInclude>
    <ClInclude Include="base\common\secp256k1\include\secp256k1_ecdh.h">
      <Filter>base\common\secp256k1\include</Filter>
    </ClInclude>
    <ClInclude Include="base\common\secp256k1\include\secp256k1_recovery.h">
      <Filter>base\common\secp256k1\include</Filter>
    </ClInclude>
    <ClInclude Include="base\common\secp256k1\include\secp256k1_sha256.h">
      <Filter>base\common\secp256k1\include</Filter>
    </ClInclude>
    <ClInclude Include="base\common\secp256k1\Secp256k1.h">
      <Filter>base\common\secp256k1</Filter>
    </ClInclude>
  </ItemGroup>
  <ItemGroup>
    <ClCompile Include="stdafx.cpp">
      <Filter>源文件</Filter>
    </ClCompile>
    <ClCompile Include="WinUtils.cpp">
      <Filter>源文件</Filter>
    </ClCompile>
    <ClCompile Include="utils\Cutils.cpp">
      <Filter>utils</Filter>
    </ClCompile>
    <ClCompile Include="base\common\secp256k1\Secp256k1.cpp">
      <Filter>base\common\secp256k1</Filter>
    </ClCompile>
  </ItemGroup>
</Project>